
Microsoft Visual Studio Solution File, Format Version 12.00
# Visual Studio 2012
Project("{FAE04EC0-301F-11D3-BF4B-00C04F79EFBC}") = "Example.iOS.Application", "Example.iOS.Application\Example.iOS.Application.csproj", "{46F9DDE9-C7AA-4FF5-939F-E7B8504438F3}"
EndProject
Project("{FAE04EC0-301F-11D3-BF4B-00C04F79EFBC}") = "OneSignal.iOS.Binding", "..\OneSignal.iOS.Binding\OneSignal.iOS.Binding\OneSignal.iOS.Binding.csproj", "{967EAABD-4A79-4762-9848-0D5530AA1FA5}"
EndProject
Global
	GlobalSection(SolutionConfigurationPlatforms) = preSolution
		Debug|iPhoneSimulator = Debug|iPhoneSimulator
		Release|iPhone = Release|iPhone
		Release|iPhoneSimulator = Release|iPhoneSimulator
		Debug|iPhone = Debug|iPhone
	EndGlobalSection
	GlobalSection(ProjectConfigurationPlatforms) = postSolution
		{46F9DDE9-C7AA-4FF5-939F-E7B8504438F3}.Debug|iPhone.ActiveCfg = Debug|iPhone
		{46F9DDE9-C7AA-4FF5-939F-E7B8504438F3}.Debug|iPhone.Build.0 = Debug|iPhone
		{46F9DDE9-C7AA-4FF5-939F-E7B8504438F3}.Debug|iPhoneSimulator.ActiveCfg = Debug|iPhoneSimulator
		{46F9DDE9-C7AA-4FF5-939F-E7B8504438F3}.Debug|iPhoneSimulator.Build.0 = Debug|iPhoneSimulator
		{46F9DDE9-C7AA-4FF5-939F-E7B8504438F3}.Release|iPhone.ActiveCfg = Release|iPhone
		{46F9DDE9-C7AA-4FF5-939F-E7B8504438F3}.Release|iPhone.Build.0 = Release|iPhone
		{46F9DDE9-C7AA-4FF5-939F-E7B8504438F3}.Release|iPhoneSimulator.ActiveCfg = Release|iPhoneSimulator
		{46F9DDE9-C7AA-4FF5-939F-E7B8504438F3}.Release|iPhoneSimulator.Build.0 = Release|iPhoneSimulator
		{967EAABD-4A79-4762-9848-0D5530AA1FA5}.Debug|iPhone.ActiveCfg = Debug|Any CPU
		{967EAABD-4A79-4762-9848-0D5530AA1FA5}.Debug|iPhone.Build.0 = Debug|Any CPU
		{967EAABD-4A79-4762-9848-0D5530AA1FA5}.Debug|iPhoneSimulator.ActiveCfg = Debug|Any CPU
		{967EAABD-4A79-4762-9848-0D5530AA1FA5}.Debug|iPhoneSimulator.Build.0 = Debug|Any CPU
		{967EAABD-4A79-4762-9848-0D5530AA1FA5}.Release|iPhone.ActiveCfg = Release|Any CPU
		{967EAABD-4A79-4762-9848-0D5530AA1FA5}.Release|iPhone.Build.0 = Release|Any CPU
		{967EAABD-4A79-4762-9848-0D5530AA1FA5}.Release|iPhoneSimulator.ActiveCfg = Release|Any CPU
		{967EAABD-4A79-4762-9848-0D5530AA1FA5}.Release|iPhoneSimulator.Build.0 = Release|Any CPU
	EndGlobalSection
EndGlobal
