
Microsoft Visual Studio Solution File, Format Version 12.00
# Visual Studio 2012
Project("{FAE04EC0-301F-11D3-BF4B-00C04F79EFBC}") = "Com.OneSignal", "Com.OneSignal\Com.OneSignal.csproj", "{8C797E6F-9444-4EC1-A615-540D45040949}"
EndProject
Global
	GlobalSection(SolutionConfigurationPlatforms) = preSolution
		Debug|Any CPU = Debug|Any CPU
		Release|Any CPU = Release|Any CPU
	EndGlobalSection
	GlobalSection(ProjectConfigurationPlatforms) = postSolution
		{8C797E6F-9444-4EC1-A615-540D45040949}.Debug|Any CPU.ActiveCfg = Debug|Any CPU
		{8C797E6F-9444-4EC1-A615-540D45040949}.Debug|Any CPU.Build.0 = Debug|Any CPU
		{8C797E6F-9444-4EC1-A615-540D45040949}.Release|Any CPU.ActiveCfg = Release|Any CPU
		{8C797E6F-9444-4EC1-A615-540D45040949}.Release|Any CPU.Build.0 = Release|Any CPU
	EndGlobalSection
EndGlobal
