
Microsoft Visual Studio Solution File, Format Version 12.00
# Visual Studio 2012
Project("{FAE04EC0-301F-11D3-BF4B-00C04F79EFBC}") = "Example.Android.Application", "Example.Android.Application\Example.Android.Application.csproj", "{D1346D18-9F00-4BE1-A2EB-0F534CF7615A}"
EndProject
Project("{FAE04EC0-301F-11D3-BF4B-00C04F79EFBC}") = "OneSignal.Android.Binding", "..\OneSignal.Android.Binding\OneSignal.Android.Binding\OneSignal.Android.Binding.csproj", "{9144F592-91B9-4ACA-BC3C-D771F8319996}"
EndProject
Global
	GlobalSection(SolutionConfigurationPlatforms) = preSolution
		Debug|Any CPU = Debug|Any CPU
		Release|Any CPU = Release|Any CPU
	EndGlobalSection
	GlobalSection(ProjectConfigurationPlatforms) = postSolution
		{9144F592-91B9-4ACA-BC3C-D771F8319996}.Debug|Any CPU.ActiveCfg = Debug|Any CPU
		{9144F592-91B9-4ACA-BC3C-D771F8319996}.Debug|Any CPU.Build.0 = Debug|Any CPU
		{9144F592-91B9-4ACA-BC3C-D771F8319996}.Release|Any CPU.ActiveCfg = Release|Any CPU
		{9144F592-91B9-4ACA-BC3C-D771F8319996}.Release|Any CPU.Build.0 = Release|Any CPU
		{D1346D18-9F00-4BE1-A2EB-0F534CF7615A}.Debug|Any CPU.ActiveCfg = Debug|Any CPU
		{D1346D18-9F00-4BE1-A2EB-0F534CF7615A}.Debug|Any CPU.Build.0 = Debug|Any CPU
		{D1346D18-9F00-4BE1-A2EB-0F534CF7615A}.Release|Any CPU.ActiveCfg = Release|Any CPU
		{D1346D18-9F00-4BE1-A2EB-0F534CF7615A}.Release|Any CPU.Build.0 = Release|Any CPU
	EndGlobalSection
EndGlobal
